// !$*UTF8*$!
{
	archiveVersion = 1;
	classes = {
	};
	objectVersion = 46;
	objects = {

/* Begin PBXBuildFile section */
		CEBB1BB61DBF0E9D00AE2C43 /* main.cpp in Sources */ = {isa = PBXBuildFile; fileRef = CEBB1BB51DBF0E9D00AE2C43 /* main.cpp */; };
/* End PBXBuildFile section */

/* Begin PBXCopyFilesBuildPhase section */
		CEBB1BB01DBF0E9D00AE2C43 /* CopyFiles */ = {
			isa = PBXCopyFilesBuildPhase;
			buildActionMask = 2147483647;
			dstPath = /usr/share/man/man1/;
			dstSubfolderSpec = 0;
			files = (
			);
			runOnlyForDeploymentPostprocessing = 1;
		};
/* End PBXCopyFilesBuildPhase section */

/* Begin PBXFileReference section */
		CEBB1BB21DBF0E9D00AE2C43 /* meshlessDeformation3D */ = {isa = PBXFileReference; explicitFileType = "compiled.mach-o.executable"; includeInIndex = 0; path = meshlessDeformation3D; sourceTree = BUILT_PRODUCTS_DIR; };
		CEBB1BB51DBF0E9D00AE2C43 /* main.cpp */ = {isa = PBXFileReference; lastKnownFileType = sourcecode.cpp.cpp; path = main.cpp; sourceTree = "<group>"; };
/* End PBXFileReference section */

/* Begin PBXFrameworksBuildPhase section */
		CEBB1BAF1DBF0E9D00AE2C43 /* Frameworks */ = {
			isa = PBXFrameworksBuildPhase;
			buildActionMask = 2147483647;
			files = (
			);
			runOnlyForDeploymentPostprocessing = 0;
		};
/* End PBXFrameworksBuildPhase section */

/* Begin PBXGroup section */
		CEBB1BA91DBF0E9D00AE2C43 = {
			isa = PBXGroup;
			children = (
				CEBB1BB41DBF0E9D00AE2C43 /* meshlessDeformation3D */,
				CEBB1BB31DBF0E9D00AE2C43 /* Products */,
			);
			sourceTree = "<group>";
		};
		CEBB1BB31DBF0E9D00AE2C43 /* Products */ = {
			isa = PBXGroup;
			children = (
				CEBB1BB21DBF0E9D00AE2C43 /* meshlessDeformation3D */,
			);
			name = Products;
			sourceTree = "<group>";
		};
		CEBB1BB41DBF0E9D00AE2C43 /* meshlessDeformation3D */ = {
			isa = PBXGroup;
			children = (
				CEBB1BB51DBF0E9D00AE2C43 /* main.cpp */,
			);
			path = meshlessDeformation3D;
			sourceTree = "<group>";
		};
/* End PBXGroup section */

/* Begin PBXNativeTarget section */
		CEBB1BB11DBF0E9D00AE2C43 /* meshlessDeformation3D */ = {
			isa = PBXNativeTarget;
			buildConfigurationList = CEBB1BB91DBF0E9D00AE2C43 /* Build configuration list for PBXNativeTarget "meshlessDeformation3D" */;
			buildPhases = (
				CEBB1BAE1DBF0E9D00AE2C43 /* Sources */,
				CEBB1BAF1DBF0E9D00AE2C43 /* Frameworks */,
				CEBB1BB01DBF0E9D00AE2C43 /* CopyFiles */,
			);
			buildRules = (
			);
			dependencies = (
			);
			name = meshlessDeformation3D;
			productName = meshlessDeformation3D;
			productReference = CEBB1BB21DBF0E9D00AE2C43 /* meshlessDeformation3D */;
			productType = "com.apple.product-type.tool";
		};
/* End PBXNativeTarget section */

/* Begin PBXProject section */
		CEBB1BAA1DBF0E9D00AE2C43 /* Project object */ = {
			isa = PBXProject;
			attributes = {
				LastUpgradeCheck = 0800;
				ORGANIZATIONNAME = cranebridge;
				TargetAttributes = {
					CEBB1BB11DBF0E9D00AE2C43 = {
						CreatedOnToolsVersion = 8.0;
						ProvisioningStyle = Automatic;
					};
				};
			};
			buildConfigurationList = CEBB1BAD1DBF0E9D00AE2C43 /* Build configuration list for PBXProject "meshlessDeformation3D" */;
			compatibilityVersion = "Xcode 3.2";
			developmentRegion = English;
			hasScannedForEncodings = 0;
			knownRegions = (
				en,
			);
			mainGroup = CEBB1BA91DBF0E9D00AE2C43;
			productRefGroup = CEBB1BB31DBF0E9D00AE2C43 /* Products */;
			projectDirPath = "";
			projectRoot = "";
			targets = (
				CEBB1BB11DBF0E9D00AE2C43 /* meshlessDeformation3D */,
			);
		};
/* End PBXProject section */

/* Begin PBXSourcesBuildPhase section */
		CEBB1BAE1DBF0E9D00AE2C43 /* Sources */ = {
			isa = PBXSourcesBuildPhase;
			buildActionMask = 2147483647;
			files = (
				CEBB1BB61DBF0E9D00AE2C43 /* main.cpp in Sources */,
			);
			runOnlyForDeploymentPostprocessing = 0;
		};
/* End PBXSourcesBuildPhase section */

/* Begin XCBuildConfiguration section */
		CEBB1BB71DBF0E9D00AE2C43 /* Debug */ = {
			isa = XCBuildConfiguration;
			buildSettings = {
				ALWAYS_SEARCH_USER_PATHS = NO;
				CLANG_ANALYZER_NONNULL = YES;
				CLANG_CXX_LANGUAGE_STANDARD = "gnu++0x";
				CLANG_CXX_LIBRARY = "libc++";
				CLANG_ENABLE_MODULES = YES;
				CLANG_ENABLE_OBJC_ARC = YES;
				CLANG_WARN_BOOL_CONVERSION = YES;
				CLANG_WARN_CONSTANT_CONVERSION = YES;
				CLANG_WARN_DIRECT_OBJC_ISA_USAGE = YES_ERROR;
				CLANG_WARN_DOCUMENTATION_COMMENTS = YES;
				CLANG_WARN_EMPTY_BODY = YES;
				CLANG_WARN_ENUM_CONVERSION = YES;
				CLANG_WARN_INFINITE_RECURSION = YES;
				CLANG_WARN_INT_CONVERSION = YES;
				CLANG_WARN_OBJC_ROOT_CLASS = YES_ERROR;
				CLANG_WARN_SUSPICIOUS_MOVES = YES;
				CLANG_WARN_UNREACHABLE_CODE = YES;
				CLANG_WARN__DUPLICATE_METHOD_MATCH = YES;
				CODE_SIGN_IDENTITY = "-";
				COPY_PHASE_STRIP = NO;
				DEBUG_INFORMATION_FORMAT = dwarf;
				ENABLE_STRICT_OBJC_MSGSEND = YES;
				ENABLE_TESTABILITY = YES;
				GCC_C_LANGUAGE_STANDARD = gnu99;
				GCC_DYNAMIC_NO_PIC = NO;
				GCC_NO_COMMON_BLOCKS = YES;
				GCC_OPTIMIZATION_LEVEL = 0;
				GCC_PREPROCESSOR_DEFINITIONS = (
					"DEBUG=1",
					"$(inherited)",
				);
				GCC_WARN_64_TO_32_BIT_CONVERSION = YES;
				GCC_WARN_ABOUT_RETURN_TYPE = YES_ERROR;
				GCC_WARN_UNDECLARED_SELECTOR = YES;
				GCC_WARN_UNINITIALIZED_AUTOS = YES_AGGRESSIVE;
				GCC_WARN_UNUSED_FUNCTION = YES;
				GCC_WARN_UNUSED_VARIABLE = YES;
				MACOSX_DEPLOYMENT_TARGET = 10.12;
				MTL_ENABLE_DEBUG_INFO = YES;
				ONLY_ACTIVE_ARCH = YES;
				SDKROOT = macosx;
			};
			name = Debug;
		};
		CEBB1BB81DBF0E9D00AE2C43 /* Release */ = {
			isa = XCBuildConfiguration;
			buildSettings = {
				ALWAYS_SEARCH_USER_PATHS = NO;
				CLANG_ANALYZER_NONNULL = YES;
				CLANG_CXX_LANGUAGE_STANDARD = "gnu++0x";
				CLANG_CXX_LIBRARY = "libc++";
				CLANG_ENABLE_MODULES = YES;
				CLANG_ENABLE_OBJC_ARC = YES;
				CLANG_WARN_BOOL_CONVERSION = YES;
				CLANG_WARN_CONSTANT_CONVERSION = YES;
				CLANG_WARN_DIRECT_OBJC_ISA_USAGE = YES_ERROR;
				CLANG_WARN_DOCUMENTATION_COMMENTS = YES;
				CLANG_WARN_EMPTY_BODY = YES;
				CLANG_WARN_ENUM_CONVERSION = YES;
				CLANG_WARN_INFINITE_RECURSION = YES;
				CLANG_WARN_INT_CONVERSION = YES;
				CLANG_WARN_OBJC_ROOT_CLASS = YES_ERROR;
				CLANG_WARN_SUSPICIOUS_MOVES = YES;
				CLANG_WARN_UNREACHABLE_CODE = YES;
				CLANG_WARN__DUPLICATE_METHOD_MATCH = YES;
				CODE_SIGN_IDENTITY = "-";
				COPY_PHASE_STRIP = NO;
				DEBUG_INFORMATION_FORMAT = "dwarf-with-dsym";
				ENABLE_NS_ASSERTIONS = NO;
				ENABLE_STRICT_OBJC_MSGSEND = YES;
				GCC_C_LANGUAGE_STANDARD = gnu99;
				GCC_NO_COMMON_BLOCKS = YES;
				GCC_WARN_64_TO_32_BIT_CONVERSION = YES;
				GCC_WARN_ABOUT_RETURN_TYPE = YES_ERROR;
				GCC_WARN_UNDECLARED_SELECTOR = YES;
				GCC_WARN_UNINITIALIZED_AUTOS = YES_AGGRESSIVE;
				GCC_WARN_UNUSED_FUNCTION = YES;
				GCC_WARN_UNUSED_VARIABLE = YES;
				MACOSX_DEPLOYMENT_TARGET = 10.12;
				MTL_ENABLE_DEBUG_INFO = NO;
				SDKROOT = macosx;
			};
			name = Release;
		};
		CEBB1BBA1DBF0E9D00AE2C43 /* Debug */ = {
			isa = XCBuildConfiguration;
			buildSettings = {
				PRODUCT_NAME = "$(TARGET_NAME)";
			};
			name = Debug;
		};
		CEBB1BBB1DBF0E9D00AE2C43 /* Release */ = {
			isa = XCBuildConfiguration;
			buildSettings = {
				PRODUCT_NAME = "$(TARGET_NAME)";
			};
			name = Release;
		};
/* End XCBuildConfiguration section */

/* Begin XCConfigurationList section */
		CEBB1BAD1DBF0E9D00AE2C43 /* Build configuration list for PBXProject "meshlessDeformation3D" */ = {
			isa = XCConfigurationList;
			buildConfigurations = (
				CEBB1BB71DBF0E9D00AE2C43 /* Debug */,
				CEBB1BB81DBF0E9D00AE2C43 /* Release */,
			);
			defaultConfigurationIsVisible = 0;
			defaultConfigurationName = Release;
		};
		CEBB1BB91DBF0E9D00AE2C43 /* Build configuration list for PBXNativeTarget "meshlessDeformation3D" */ = {
			isa = XCConfigurationList;
			buildConfigurations = (
				CEBB1BBA1DBF0E9D00AE2C43 /* Debug */,
				CEBB1BBB1DBF0E9D00AE2C43 /* Release */,
			);
			defaultConfigurationIsVisible = 0;
		};
/* End XCConfigurationList section */
	};
	rootObject = CEBB1BAA1DBF0E9D00AE2C43 /* Project object */;
}
